
Microsoft Visual Studio Solution File, Format Version 12.00
# Visual Studio Version 17
VisualStudioVersion = 17.13.35825.156
MinimumVisualStudioVersion = 10.0.40219.1
Project("{FAE04EC0-301F-11D3-BF4B-00C04F79EFBC}") = "ClassPointAddIn", "ClassPointAddIn.csproj", "{AFB745DE-ED5A-4DDF-B8BF-48E911083239}"
EndProject
Global
	GlobalSection(SolutionConfigurationPlatforms) = preSolution
		Debug|Any CPU = Debug|Any CPU
		Release|Any CPU = Release|Any CPU
	EndGlobalSection
	GlobalSection(ProjectConfigurationPlatforms) = postSolution
		{AFB745DE-ED5A-4DDF-B8BF-48E911083239}.Debug|Any CPU.ActiveCfg = Debug|Any CPU
		{AFB745DE-ED5A-4DDF-B8BF-48E911083239}.Debug|Any CPU.Build.0 = Debug|Any CPU
		{AFB745DE-ED5A-4DDF-B8BF-48E911083239}.Release|Any CPU.ActiveCfg = Release|Any CPU
		{AFB745DE-ED5A-4DDF-B8BF-48E911083239}.Release|Any CPU.Build.0 = Release|Any CPU
	EndGlobalSection
	GlobalSection(SolutionProperties) = preSolution
		HideSolutionNode = FALSE
	EndGlobalSection
	GlobalSection(ExtensibilityGlobals) = postSolution
		SolutionGuid = {111AA771-BFD0-4A51-85F5-B08266FFFF33}
	EndGlobalSection
EndGlobal
