
Microsoft Visual Studio Solution File, Format Version 12.00
# Visual Studio Version 17
VisualStudioVersion = 17.13.35825.156 d17.13
MinimumVisualStudioVersion = 10.0.40219.1
Project("{FAE04EC0-301F-11D3-BF4B-00C04F79EFBC}") = "Test1", "Test1.csproj", "{4CE1A4E8-8B9F-4FA6-90C0-77F8903DE8C2}"
EndProject
Global
	GlobalSection(SolutionConfigurationPlatforms) = preSolution
		Debug|Any CPU = Debug|Any CPU
		Release|Any CPU = Release|Any CPU
	EndGlobalSection
	GlobalSection(ProjectConfigurationPlatforms) = postSolution
		{4CE1A4E8-8B9F-4FA6-90C0-77F8903DE8C2}.Debug|Any CPU.ActiveCfg = Debug|Any CPU
		{4CE1A4E8-8B9F-4FA6-90C0-77F8903DE8C2}.Debug|Any CPU.Build.0 = Debug|Any CPU
		{4CE1A4E8-8B9F-4FA6-90C0-77F8903DE8C2}.Release|Any CPU.ActiveCfg = Release|Any CPU
		{4CE1A4E8-8B9F-4FA6-90C0-77F8903DE8C2}.Release|Any CPU.Build.0 = Release|Any CPU
	EndGlobalSection
	GlobalSection(SolutionProperties) = preSolution
		HideSolutionNode = FALSE
	EndGlobalSection
	GlobalSection(ExtensibilityGlobals) = postSolution
		SolutionGuid = {0F5EEBF7-FF0F-4508-8520-FB60DD54127B}
	EndGlobalSection
EndGlobal
